
Microsoft Visual Studio Solution File, Format Version 12.00
# Visual Studio Version 17
VisualStudioVersion = 17.7.34221.43
MinimumVisualStudioVersion = 10.0.40219.1
Project("{9A19103F-16F7-4668-BE54-9A1E7A4F7556}") = "nEmulator.GB.Blazor.Server", "Nintendo\GB\GB\nEmulator.GB.Blazor\Server\nEmulator.GB.Blazor.Server.csproj", "{F23CA218-3A39-4D05-A11E-9EA20AA41AEB}"
EndProject
Project("{9A19103F-16F7-4668-BE54-9A1E7A4F7556}") = "nEmulator.GB.Blazor.Client", "Nintendo\GB\GB\nEmulator.GB.Blazor\Client\nEmulator.GB.Blazor.Client.csproj", "{30EC1B1F-1A42-4049-867C-B7E0CABDC3CF}"
EndProject
Project("{9A19103F-16F7-4668-BE54-9A1E7A4F7556}") = "nEmulator.GB.Blazor.Shared", "Nintendo\GB\GB\nEmulator.GB.Blazor\Shared\nEmulator.GB.Blazor.Shared.csproj", "{BF026038-136B-471F-BB38-3BBD04A15801}"
EndProject
Project("{2150E333-8FDC-42A3-9474-1A3956D46DE8}") = "nEmulator", "nEmulator", "{DF7ABABA-8B45-4649-9BDC-A4A7EFE4E9BE}"
EndProject
Project("{2150E333-8FDC-42A3-9474-1A3956D46DE8}") = "02. Gameboy", "02. Gameboy", "{65E71014-7DA0-4310-BE24-00A62F004C03}"
EndProject
Project("{2150E333-8FDC-42A3-9474-1A3956D46DE8}") = "a. Nintendo", "a. Nintendo", "{B8D24B5C-B0A7-48A7-B685-FF8D60D904DC}"
EndProject
Project("{2150E333-8FDC-42A3-9474-1A3956D46DE8}") = "01. NES", "01. NES", "{08CDC115-C373-468D-985C-4CA2A7F3225C}"
EndProject
Project("{2150E333-8FDC-42A3-9474-1A3956D46DE8}") = "03. SNES", "03. SNES", "{FFEF7F3F-3377-4BD3-B180-B42BBF56A5E2}"
EndProject
Project("{2150E333-8FDC-42A3-9474-1A3956D46DE8}") = "04. N64", "04. N64", "{ACD42B23-A140-46B7-AFF7-D9BDE3F396AD}"
EndProject
Project("{2150E333-8FDC-42A3-9474-1A3956D46DE8}") = "07. Wii", "07. Wii", "{E5648854-CE79-4AF2-82C1-8CC8FD62B6A4}"
EndProject
Project("{2150E333-8FDC-42A3-9474-1A3956D46DE8}") = "08. WiiU", "08. WiiU", "{E9AB6302-1CB9-4763-957E-7334544AA09E}"
EndProject
Project("{2150E333-8FDC-42A3-9474-1A3956D46DE8}") = "05. Gamecube", "05. Gamecube", "{D92BF2B2-C628-4B65-B11E-61A7F936EB3A}"
EndProject
Project("{2150E333-8FDC-42A3-9474-1A3956D46DE8}") = "06. DS_2DS_3DS", "06. DS_2DS_3DS", "{A21AD100-97B1-49E6-B1BF-CAA6C77DAA02}"
EndProject
Project("{2150E333-8FDC-42A3-9474-1A3956D46DE8}") = "b. Sega", "b. Sega", "{DCAD9CD9-1001-40C1-8783-99F86D3CB5FD}"
EndProject
Project("{2150E333-8FDC-42A3-9474-1A3956D46DE8}") = "c. Generic", "c. Generic", "{B3991A4E-1173-4C4A-A987-8E103E231B65}"
EndProject
Project("{2150E333-8FDC-42A3-9474-1A3956D46DE8}") = "d. Arcades", "d. Arcades", "{A708B2BA-F0C1-409F-808E-A75CA46BD2F7}"
EndProject
Project("{2150E333-8FDC-42A3-9474-1A3956D46DE8}") = "e. Gen 1 & 2", "e. Gen 1 & 2", "{04886798-C229-42F6-8FA2-C3C88F94B186}"
EndProject
Project("{2150E333-8FDC-42A3-9474-1A3956D46DE8}") = "f. Handhelds", "f. Handhelds", "{63872D77-7147-4BE1-8C63-726876B6DD9F}"
EndProject
Project("{2150E333-8FDC-42A3-9474-1A3956D46DE8}") = "01. Commodore-64", "01. Commodore-64", "{BC8C7744-E974-4432-8479-E7DCBC527752}"
EndProject
Project("{2150E333-8FDC-42A3-9474-1A3956D46DE8}") = "01. Genesis & Megadrive", "01. Genesis & Megadrive", "{D87A85F6-205D-4D8A-A6C7-1494F17BE3B2}"
EndProject
Project("{2150E333-8FDC-42A3-9474-1A3956D46DE8}") = "02. Game Gear", "02. Game Gear", "{297202E6-9E5A-404F-9801-3A9389B3C1D8}"
EndProject
Project("{2150E333-8FDC-42A3-9474-1A3956D46DE8}") = "03. SegaCD", "03. SegaCD", "{B9BD3D4A-0E2B-432D-BC5A-35BFFC946326}"
EndProject
Project("{2150E333-8FDC-42A3-9474-1A3956D46DE8}") = "04. Saturn", "04. Saturn", "{E2176A2C-565B-4F33-9D02-5BC6D4770A29}"
EndProject
Project("{2150E333-8FDC-42A3-9474-1A3956D46DE8}") = "05. Dreamcast", "05. Dreamcast", "{0E00A597-6917-4AA4-8E7D-8BE37B2DAEDF}"
EndProject
Project("{2150E333-8FDC-42A3-9474-1A3956D46DE8}") = "02. Atari", "02. Atari", "{F3D71D6B-0115-497E-A542-8901C60B723E}"
EndProject
Project("{2150E333-8FDC-42A3-9474-1A3956D46DE8}") = "g. TI-Calculators", "g. TI-Calculators", "{9178A8DE-C88E-4099-81D6-D22349905C54}"
EndProject
Project("{2150E333-8FDC-42A3-9474-1A3956D46DE8}") = "03. ---", "03. ---", "{26800753-0D2C-4536-9501-9F7C7D5056F3}"
EndProject
Project("{2150E333-8FDC-42A3-9474-1A3956D46DE8}") = "04. ---", "04. ---", "{7861D26C-0F08-4835-8BD6-E8E2200819E0}"
EndProject
Project("{2150E333-8FDC-42A3-9474-1A3956D46DE8}") = "05. ---", "05. ---", "{F4A050BD-1F03-4CC0-80D9-EF916FD0C0E6}"
EndProject
Project("{2150E333-8FDC-42A3-9474-1A3956D46DE8}") = "06. ---", "06. ---", "{33F35860-FC9E-4DD1-9432-85A92B88FC0F}"
EndProject
Project("{2150E333-8FDC-42A3-9474-1A3956D46DE8}") = "07. ---", "07. ---", "{17C966A4-53C0-4160-B5F8-E36C372A1410}"
EndProject
Project("{2150E333-8FDC-42A3-9474-1A3956D46DE8}") = "08. ---", "08. ---", "{3F69CBB9-940E-4DA9-8ACF-3DC5B6E61DB2}"
EndProject
Project("{2150E333-8FDC-42A3-9474-1A3956D46DE8}") = "09. ---", "09. ---", "{469EA379-6802-4379-A3F5-B221C00EB3AE}"
EndProject
Project("{2150E333-8FDC-42A3-9474-1A3956D46DE8}") = "10. ---", "10. ---", "{5AC58932-9365-433D-8910-8888AEDF7FCD}"
EndProject
Project("{2150E333-8FDC-42A3-9474-1A3956D46DE8}") = "11. Amiga", "11. Amiga", "{ADD0AC26-08D0-40A0-9214-2DE5C9DCE78D}"
EndProject
Project("{2150E333-8FDC-42A3-9474-1A3956D46DE8}") = "aa. Classics", "aa. Classics", "{EE81DA26-2E1A-4E37-BD57-537C8D0E2E41}"
EndProject
Project("{2150E333-8FDC-42A3-9474-1A3956D46DE8}") = "01. Galaxian", "01. Galaxian", "{B40019AC-1B03-4509-B978-221B59ECBB5C}"
EndProject
Project("{2150E333-8FDC-42A3-9474-1A3956D46DE8}") = "02. Galaga", "02. Galaga", "{951FFD63-8D2F-4F8A-B282-806E50A48090}"
EndProject
Project("{2150E333-8FDC-42A3-9474-1A3956D46DE8}") = "03. Centipede", "03. Centipede", "{03CB8362-BD6B-439E-9FE2-90E1FD0235CB}"
EndProject
Project("{2150E333-8FDC-42A3-9474-1A3956D46DE8}") = "04. Pong", "04. Pong", "{9771FE52-0672-4D2A-AB43-53B9DCDF8F0A}"
EndProject
Project("{2150E333-8FDC-42A3-9474-1A3956D46DE8}") = "05. Pac Man", "05. Pac Man", "{66347CAE-2A80-4C90-8174-BBFB59695675}"
EndProject
Project("{2150E333-8FDC-42A3-9474-1A3956D46DE8}") = "06. Mrs Pac Man", "06. Mrs Pac Man", "{8829D752-5810-4218-A1B3-F8743C922506}"
EndProject
Project("{2150E333-8FDC-42A3-9474-1A3956D46DE8}") = "07. ---", "07. ---", "{2CE2DA4D-AEEB-4CC5-AA07-602D36DA9238}"
EndProject
Project("{2150E333-8FDC-42A3-9474-1A3956D46DE8}") = "08. ---", "08. ---", "{1BD6B4FA-A431-4CCE-87A8-6FD6B88AC632}"
EndProject
Project("{2150E333-8FDC-42A3-9474-1A3956D46DE8}") = "09. ---", "09. ---", "{620CF00A-C25E-4F1D-B5BD-06B0C06C5838}"
EndProject
Project("{2150E333-8FDC-42A3-9474-1A3956D46DE8}") = "10. ---", "10. ---", "{65273F3A-31FF-4B0B-9394-EAD9B20D01C0}"
EndProject
Project("{2150E333-8FDC-42A3-9474-1A3956D46DE8}") = "ab. LCD_Travel_Size_One-Offs", "ab. LCD_Travel_Size_One-Offs", "{CAF8FF93-B14E-4929-9AA0-FF2CAA7AA22F}"
EndProject
Project("{2150E333-8FDC-42A3-9474-1A3956D46DE8}") = "01. Tomagotchi", "01. Tomagotchi", "{1D95C552-BEA5-4931-A38B-FB0E7B4D0D90}"
EndProject
Project("{2150E333-8FDC-42A3-9474-1A3956D46DE8}") = "a. Tomagotchi-likes", "a. Tomagotchi-likes", "{2923792F-CC31-4374-8EEE-1BED1469645F}"
EndProject
Project("{2150E333-8FDC-42A3-9474-1A3956D46DE8}") = "01. Name-Brand", "01. Name-Brand", "{4EB61F7A-8F1D-42D3-A02C-BC0697FB48ED}"
EndProject
Project("{2150E333-8FDC-42A3-9474-1A3956D46DE8}") = "02. Off-Brand_or_Clones", "02. Off-Brand_or_Clones", "{70B8B3F4-8062-451B-BF53-54A21D6C7151}"
EndProject
Project("{2150E333-8FDC-42A3-9474-1A3956D46DE8}") = "02. FF8-Chicobo", "02. FF8-Chicobo", "{7678E01B-530B-4B64-A8C3-DE61F8CA6A86}"
EndProject
Project("{2150E333-8FDC-42A3-9474-1A3956D46DE8}") = "03. ---", "03. ---", "{68AC6799-DFE9-4D31-85CC-27E85271EAC3}"
EndProject
Project("{2150E333-8FDC-42A3-9474-1A3956D46DE8}") = "04. ---", "04. ---", "{4A0F8AA4-2DC0-44F0-9271-255960609469}"
EndProject
Project("{2150E333-8FDC-42A3-9474-1A3956D46DE8}") = "05. ---", "05. ---", "{15D6AA47-4DD6-4243-98A5-3546A08E7A5A}"
EndProject
Project("{2150E333-8FDC-42A3-9474-1A3956D46DE8}") = "06. ---", "06. ---", "{4A9BD4FF-C793-445E-B9BD-CF2D35CC0CB3}"
EndProject
Project("{2150E333-8FDC-42A3-9474-1A3956D46DE8}") = "07. ---", "07. ---", "{4A92C96C-8934-4154-A7BC-F67E49EEAE6E}"
EndProject
Project("{2150E333-8FDC-42A3-9474-1A3956D46DE8}") = "08. ---", "08. ---", "{5F201DA3-544A-4309-AB61-28B0EBE743BA}"
EndProject
Project("{2150E333-8FDC-42A3-9474-1A3956D46DE8}") = "09. ---", "09. ---", "{C5D82C88-4B60-4CE5-8943-2AAF6E1EF450}"
EndProject
Project("{2150E333-8FDC-42A3-9474-1A3956D46DE8}") = "10. ---", "10. ---", "{8F809073-04DD-4CAD-85E7-14730EDF88D7}"
EndProject
Project("{2150E333-8FDC-42A3-9474-1A3956D46DE8}") = "03. By-Genre", "03. By-Genre", "{9F67F1AB-CACF-4266-BEF2-010012E6F5CD}"
EndProject
Project("{2150E333-8FDC-42A3-9474-1A3956D46DE8}") = "a. Racing", "a. Racing", "{9847BF7C-9ABB-408A-A136-A6A30ACC9B58}"
EndProject
Project("{2150E333-8FDC-42A3-9474-1A3956D46DE8}") = "b. Action", "b. Action", "{FE8D54F9-6E45-4F92-8F6C-E14CD4A5C8CD}"
EndProject
Project("{2150E333-8FDC-42A3-9474-1A3956D46DE8}") = "c. Fighting", "c. Fighting", "{8514B51E-C671-48CF-A33C-4C535B0163A5}"
EndProject
Project("{2150E333-8FDC-42A3-9474-1A3956D46DE8}") = "f. General", "f. General", "{297FE6D8-9E79-4676-AA30-AB554CB0E70A}"
EndProject
Project("{2150E333-8FDC-42A3-9474-1A3956D46DE8}") = "d. Fishing", "d. Fishing", "{C570CA28-5220-4B0B-A76C-A1124172E73C}"
EndProject
Project("{2150E333-8FDC-42A3-9474-1A3956D46DE8}") = "e. ---", "e. ---", "{523C9D56-9D41-4273-B84C-76E99463D41C}"
EndProject
Project("{2150E333-8FDC-42A3-9474-1A3956D46DE8}") = "01. Mortal Kombat", "01. Mortal Kombat", "{33AD9347-69D9-4228-99BA-300CDD6746C3}"
EndProject
Project("{2150E333-8FDC-42A3-9474-1A3956D46DE8}") = "a. Zilog Z80", "a. Zilog Z80", "{DEBBFB35-578D-458E-8324-8D3C6E8D7FEC}"
EndProject
Project("{2150E333-8FDC-42A3-9474-1A3956D46DE8}") = "b. Zilog eZ80", "b. Zilog eZ80", "{98002DC9-18E1-4952-B9D6-AABD05D80BD0}"
EndProject
Project("{2150E333-8FDC-42A3-9474-1A3956D46DE8}") = "c. Proprietary", "c. Proprietary", "{78BB17E1-4156-4839-BC49-0B56EE485958}"
EndProject
Project("{2150E333-8FDC-42A3-9474-1A3956D46DE8}") = "d. Motorola 68k", "d. Motorola 68k", "{BE3A1D2A-433F-4D29-B1C8-A5BF3277197E}"
EndProject
Project("{2150E333-8FDC-42A3-9474-1A3956D46DE8}") = "e. ARM9", "e. ARM9", "{36D232C1-194C-454B-B550-64E42294E004}"
EndProject
Project("{2150E333-8FDC-42A3-9474-1A3956D46DE8}") = "f. ---", "f. ---", "{7E9C0AC2-7789-4DDD-8909-5F914036C8BB}"
EndProject
Project("{2150E333-8FDC-42A3-9474-1A3956D46DE8}") = "g. ---", "g. ---", "{BED0C593-F71F-4AFD-8CB0-EA4F72E5D8C5}"
EndProject
Project("{2150E333-8FDC-42A3-9474-1A3956D46DE8}") = ".docs", ".docs", "{A29259F0-87A6-4177-968F-996C2C293C79}"
	ProjectSection(SolutionItems) = preProject
		TI-Calculators\@docs\Comparison_of_Texas_Instruments_graphing_calculators.pdf = TI-Calculators\@docs\Comparison_of_Texas_Instruments_graphing_calculators.pdf
		TI-Calculators\@docs\TI-Calc-Quick-Compare-Table-Sheet-Hardware.docx = TI-Calculators\@docs\TI-Calc-Quick-Compare-Table-Sheet-Hardware.docx
		TI-Calculators\@docs\TI-Calc-Quick-Compare-Table-Sheet-Hardware.htm = TI-Calculators\@docs\TI-Calc-Quick-Compare-Table-Sheet-Hardware.htm
		TI-Calculators\@docs\TI-Calc-Quick-Compare-Table-Sheet-Hardware.mht = TI-Calculators\@docs\TI-Calc-Quick-Compare-Table-Sheet-Hardware.mht
		TI-Calculators\@docs\TI-Calc-Quick-Compare-Table-Sheet-Hardware.rtf = TI-Calculators\@docs\TI-Calc-Quick-Compare-Table-Sheet-Hardware.rtf
		TI-Calculators\@docs\TI-Calc-Quick-Sheet-Hardware-Spec-Compare-Chart.md = TI-Calculators\@docs\TI-Calc-Quick-Sheet-Hardware-Spec-Compare-Chart.md
		TI-Calculators\@docs\TI-Graphing-Calculators-Spec-Sheet.Basic-Hardware.md = TI-Calculators\@docs\TI-Graphing-Calculators-Spec-Sheet.Basic-Hardware.md
	EndProjectSection
EndProject
Project("{2150E333-8FDC-42A3-9474-1A3956D46DE8}") = "TI-80", "TI-80", "{C6B8727B-31CC-456F-9342-9E3B9492169C}"
EndProject
Project("{2150E333-8FDC-42A3-9474-1A3956D46DE8}") = "TI-89_TI-89-T", "TI-89_TI-89-T", "{67C359E6-9ABF-4FEA-8D73-1BAFC0DC8152}"
EndProject
Project("{2150E333-8FDC-42A3-9474-1A3956D46DE8}") = "TI-92_TI-92P", "TI-92_TI-92P", "{88FE591E-A015-4510-BAFB-933E94346523}"
EndProject
Project("{2150E333-8FDC-42A3-9474-1A3956D46DE8}") = "Voyage-200", "Voyage-200", "{3900BD11-8461-45F9-B8DD-41936728A3E2}"
EndProject
Project("{2150E333-8FDC-42A3-9474-1A3956D46DE8}") = "TI-Nspire.All", "TI-Nspire.All", "{0FE439CF-5158-4E0C-A27A-C9EC12D511CA}"
EndProject
Project("{2150E333-8FDC-42A3-9474-1A3956D46DE8}") = "TI-86", "TI-86", "{BA2C4577-5CCB-4D46-BD14-F5EF96BCF6E4}"
EndProject
Project("{2150E333-8FDC-42A3-9474-1A3956D46DE8}") = "TI-85", "TI-85", "{2C7C4DCB-EC47-456A-938E-CE4D63FF4E6A}"
EndProject
Project("{2150E333-8FDC-42A3-9474-1A3956D46DE8}") = "TI-84_TI-84-Plus_TI-84-Plus-SE_TI-84-Plus-C-SE", "TI-84_TI-84-Plus_TI-84-Plus-SE_TI-84-Plus-C-SE", "{09B6F796-DC88-4EFD-A6E0-F31EB6313936}"
EndProject
Project("{2150E333-8FDC-42A3-9474-1A3956D46DE8}") = "TI-84-Plus-SE", "TI-84-Plus-SE", "{BF12B100-4E33-42E4-B0CE-2EB2442ED415}"
EndProject
Project("{2150E333-8FDC-42A3-9474-1A3956D46DE8}") = "TI-83-Premium-CE.All", "TI-83-Premium-CE.All", "{42F739AA-8026-4CE7-9177-71A0649F09B7}"
EndProject
Project("{2150E333-8FDC-42A3-9474-1A3956D46DE8}") = "TI-73_TI-73-Explorer", "TI-73_TI-73-Explorer", "{F761F267-6111-479B-84B9-434E54E4DD78}"
EndProject
Project("{2150E333-8FDC-42A3-9474-1A3956D46DE8}") = "TI-81", "TI-81", "{39FD4053-14BA-425D-B689-EB6A200B3327}"
EndProject
Project("{2150E333-8FDC-42A3-9474-1A3956D46DE8}") = "TI-82", "TI-82", "{25F89047-453E-4E4D-9700-2F972924445F}"
EndProject
Project("{2150E333-8FDC-42A3-9474-1A3956D46DE8}") = "TI-83", "TI-83", "{42DB5CF3-471C-4E75-A268-4E616CD368F8}"
EndProject
Project("{2150E333-8FDC-42A3-9474-1A3956D46DE8}") = "TI-83-Plus.All", "TI-83-Plus.All", "{6E4A1394-01E6-41F0-BFB6-0B30B4BFFDA7}"
EndProject
Project("{9A19103F-16F7-4668-BE54-9A1E7A4F7556}") = "nEmulator.NES.Blazor", "Nintendo\NES\nEmulator.NES.Blazor\nEmulator.NES.Blazor.csproj", "{E269FB7F-2353-4565-BAE1-220820ED86D9}"
EndProject
Project("{9A19103F-16F7-4668-BE54-9A1E7A4F7556}") = "nEmulator.NES.Shared", "Nintendo\NES\nEmulator.NES.Shared\nEmulator.NES.Shared.csproj", "{824C0DDD-870F-4E61-9A70-F87F7A597801}"
EndProject
Project("{9A19103F-16F7-4668-BE54-9A1E7A4F7556}") = "nEmulator.NES.WinForms", "Nintendo\NES\nEmulator.NES.WinForms\nEmulator.NES.WinForms.csproj", "{704333B0-A8AC-4BC1-AD0C-FF7DD224B39B}"
EndProject
Project("{9A19103F-16F7-4668-BE54-9A1E7A4F7556}") = "nEmulator.Graphics.Blazor", "Shared\Graphics\nEmulator.Graphics.Blazor\nEmulator.Graphics.Blazor.csproj", "{612D332C-26A0-4CBE-840D-E7B0D0C04CF7}"
EndProject
Project("{2150E333-8FDC-42A3-9474-1A3956D46DE8}") = "z. Shared", "z. Shared", "{E9034BCE-327A-4CC2-897B-1A1B21C55193}"
EndProject
Project("{2150E333-8FDC-42A3-9474-1A3956D46DE8}") = "za. Graphics", "za. Graphics", "{6B8EE428-88B2-4971-8D50-B2C075D4F391}"
EndProject
Project("{2150E333-8FDC-42A3-9474-1A3956D46DE8}") = "zc. Audio", "zc. Audio", "{F20A55A4-BF51-45EB-94BE-106D49BA3F13}"
EndProject
Project("{2150E333-8FDC-42A3-9474-1A3956D46DE8}") = "User Inputs", "User Inputs", "{17594822-D03C-4E4C-B064-70912317F4B7}"
EndProject
Project("{2150E333-8FDC-42A3-9474-1A3956D46DE8}") = "Networking", "Networking", "{8368F79C-A2EA-4625-A776-FA92C0657041}"
EndProject
Project("{2150E333-8FDC-42A3-9474-1A3956D46DE8}") = "zb. IO", "zb. IO", "{60D332A9-1B25-4B60-9530-5E57095A7E5F}"
EndProject
Project("{2150E333-8FDC-42A3-9474-1A3956D46DE8}") = "Files and Streams", "Files and Streams", "{A7108A3D-4BBF-4105-BA0E-7156E8DB4951}"
EndProject
Project("{2150E333-8FDC-42A3-9474-1A3956D46DE8}") = "Logging", "Logging", "{B362BCEE-A3F0-46AF-AD57-B69460D2B27D}"
EndProject
Project("{2150E333-8FDC-42A3-9474-1A3956D46DE8}") = "WFT - Waiting For Turn", "WFT - Waiting For Turn", "{4494147A-D37B-4CCD-BF86-F561B7F01343}"
EndProject
Project("{2150E333-8FDC-42A3-9474-1A3956D46DE8}") = "WFT - Waiting For Turn", "WFT - Waiting For Turn", "{227A41B0-8E96-4ACD-AFA8-CB5AD3DA72E7}"
EndProject
Project("{9A19103F-16F7-4668-BE54-9A1E7A4F7556}") = "nEmulator.Graphics.WinForms", "Shared\Graphics\nEmulator.Graphics.WinForms\nEmulator.Graphics.WinForms.csproj", "{048ABD41-06A1-4697-B1C3-AC70DB255B85}"
EndProject
Project("{9A19103F-16F7-4668-BE54-9A1E7A4F7556}") = "nEmulator.Graphics.GDIPlus", "Shared\Graphics\nEmulator.Graphics.GDIPlus\nEmulator.Graphics.GDIPlus.csproj", "{F0D31096-9CD1-4928-97B5-772157169441}"
EndProject
Project("{FAE04EC0-301F-11D3-BF4B-00C04F79EFBC}") = "nEmulator.Graphics", "Shared\Graphics\nEmulator.Graphics\nEmulator.Graphics.csproj", "{1ED1FD71-2401-42DA-8AEB-BD6A5BBF134E}"
EndProject
Global
	GlobalSection(SolutionConfigurationPlatforms) = preSolution
		Debug.GB|Any CPU = Debug.GB|Any CPU
		Debug.NES|Any CPU = Debug.NES|Any CPU
		Debug|Any CPU = Debug|Any CPU
		Release.GB|Any CPU = Release.GB|Any CPU
		Release.NES|Any CPU = Release.NES|Any CPU
		Release|Any CPU = Release|Any CPU
	EndGlobalSection
	GlobalSection(ProjectConfigurationPlatforms) = postSolution
		{F23CA218-3A39-4D05-A11E-9EA20AA41AEB}.Debug.GB|Any CPU.ActiveCfg = Debug.GB|Any CPU
		{F23CA218-3A39-4D05-A11E-9EA20AA41AEB}.Debug.GB|Any CPU.Build.0 = Debug.GB|Any CPU
		{F23CA218-3A39-4D05-A11E-9EA20AA41AEB}.Debug.NES|Any CPU.ActiveCfg = Debug.NES|Any CPU
		{F23CA218-3A39-4D05-A11E-9EA20AA41AEB}.Debug|Any CPU.ActiveCfg = Debug|Any CPU
		{F23CA218-3A39-4D05-A11E-9EA20AA41AEB}.Debug|Any CPU.Build.0 = Debug|Any CPU
		{F23CA218-3A39-4D05-A11E-9EA20AA41AEB}.Release.GB|Any CPU.ActiveCfg = Release.GB|Any CPU
		{F23CA218-3A39-4D05-A11E-9EA20AA41AEB}.Release.GB|Any CPU.Build.0 = Release.GB|Any CPU
		{F23CA218-3A39-4D05-A11E-9EA20AA41AEB}.Release.NES|Any CPU.ActiveCfg = Release.NES|Any CPU
		{F23CA218-3A39-4D05-A11E-9EA20AA41AEB}.Release|Any CPU.ActiveCfg = Release|Any CPU
		{F23CA218-3A39-4D05-A11E-9EA20AA41AEB}.Release|Any CPU.Build.0 = Release|Any CPU
		{30EC1B1F-1A42-4049-867C-B7E0CABDC3CF}.Debug.GB|Any CPU.ActiveCfg = Debug.GB|Any CPU
		{30EC1B1F-1A42-4049-867C-B7E0CABDC3CF}.Debug.GB|Any CPU.Build.0 = Debug.GB|Any CPU
		{30EC1B1F-1A42-4049-867C-B7E0CABDC3CF}.Debug.NES|Any CPU.ActiveCfg = Debug.NES|Any CPU
		{30EC1B1F-1A42-4049-867C-B7E0CABDC3CF}.Debug|Any CPU.ActiveCfg = Debug|Any CPU
		{30EC1B1F-1A42-4049-867C-B7E0CABDC3CF}.Debug|Any CPU.Build.0 = Debug|Any CPU
		{30EC1B1F-1A42-4049-867C-B7E0CABDC3CF}.Release.GB|Any CPU.ActiveCfg = Release.GB|Any CPU
		{30EC1B1F-1A42-4049-867C-B7E0CABDC3CF}.Release.GB|Any CPU.Build.0 = Release.GB|Any CPU
		{30EC1B1F-1A42-4049-867C-B7E0CABDC3CF}.Release.NES|Any CPU.ActiveCfg = Release.NES|Any CPU
		{30EC1B1F-1A42-4049-867C-B7E0CABDC3CF}.Release|Any CPU.ActiveCfg = Release|Any CPU
		{30EC1B1F-1A42-4049-867C-B7E0CABDC3CF}.Release|Any CPU.Build.0 = Release|Any CPU
		{BF026038-136B-471F-BB38-3BBD04A15801}.Debug.GB|Any CPU.ActiveCfg = Debug.GB|Any CPU
		{BF026038-136B-471F-BB38-3BBD04A15801}.Debug.GB|Any CPU.Build.0 = Debug.GB|Any CPU
		{BF026038-136B-471F-BB38-3BBD04A15801}.Debug.NES|Any CPU.ActiveCfg = Debug.NES|Any CPU
		{BF026038-136B-471F-BB38-3BBD04A15801}.Debug|Any CPU.ActiveCfg = Debug|Any CPU
		{BF026038-136B-471F-BB38-3BBD04A15801}.Debug|Any CPU.Build.0 = Debug|Any CPU
		{BF026038-136B-471F-BB38-3BBD04A15801}.Release.GB|Any CPU.ActiveCfg = Release.GB|Any CPU
		{BF026038-136B-471F-BB38-3BBD04A15801}.Release.GB|Any CPU.Build.0 = Release.GB|Any CPU
		{BF026038-136B-471F-BB38-3BBD04A15801}.Release.NES|Any CPU.ActiveCfg = Release|Any CPU
		{BF026038-136B-471F-BB38-3BBD04A15801}.Release|Any CPU.ActiveCfg = Release|Any CPU
		{BF026038-136B-471F-BB38-3BBD04A15801}.Release|Any CPU.Build.0 = Release|Any CPU
		{E269FB7F-2353-4565-BAE1-220820ED86D9}.Debug.GB|Any CPU.ActiveCfg = Debug.GB|Any CPU
		{E269FB7F-2353-4565-BAE1-220820ED86D9}.Debug.NES|Any CPU.ActiveCfg = Debug.NES|Any CPU
		{E269FB7F-2353-4565-BAE1-220820ED86D9}.Debug.NES|Any CPU.Build.0 = Debug.NES|Any CPU
		{E269FB7F-2353-4565-BAE1-220820ED86D9}.Debug|Any CPU.ActiveCfg = Debug|Any CPU
		{E269FB7F-2353-4565-BAE1-220820ED86D9}.Debug|Any CPU.Build.0 = Debug|Any CPU
		{E269FB7F-2353-4565-BAE1-220820ED86D9}.Release.GB|Any CPU.ActiveCfg = Release.GB|Any CPU
		{E269FB7F-2353-4565-BAE1-220820ED86D9}.Release.NES|Any CPU.ActiveCfg = Release|Any CPU
		{E269FB7F-2353-4565-BAE1-220820ED86D9}.Release.NES|Any CPU.Build.0 = Release|Any CPU
		{E269FB7F-2353-4565-BAE1-220820ED86D9}.Release|Any CPU.ActiveCfg = Release|Any CPU
		{E269FB7F-2353-4565-BAE1-220820ED86D9}.Release|Any CPU.Build.0 = Release|Any CPU
		{824C0DDD-870F-4E61-9A70-F87F7A597801}.Debug.GB|Any CPU.ActiveCfg = Debug.GB|Any CPU
		{824C0DDD-870F-4E61-9A70-F87F7A597801}.Debug.NES|Any CPU.ActiveCfg = Debug.NES|Any CPU
		{824C0DDD-870F-4E61-9A70-F87F7A597801}.Debug.NES|Any CPU.Build.0 = Debug.NES|Any CPU
		{824C0DDD-870F-4E61-9A70-F87F7A597801}.Debug|Any CPU.ActiveCfg = Debug|Any CPU
		{824C0DDD-870F-4E61-9A70-F87F7A597801}.Debug|Any CPU.Build.0 = Debug|Any CPU
		{824C0DDD-870F-4E61-9A70-F87F7A597801}.Release.GB|Any CPU.ActiveCfg = Release|Any CPU
		{824C0DDD-870F-4E61-9A70-F87F7A597801}.Release.NES|Any CPU.ActiveCfg = Release|Any CPU
		{824C0DDD-870F-4E61-9A70-F87F7A597801}.Release.NES|Any CPU.Build.0 = Release|Any CPU
		{824C0DDD-870F-4E61-9A70-F87F7A597801}.Release|Any CPU.ActiveCfg = Release|Any CPU
		{824C0DDD-870F-4E61-9A70-F87F7A597801}.Release|Any CPU.Build.0 = Release|Any CPU
		{704333B0-A8AC-4BC1-AD0C-FF7DD224B39B}.Debug.GB|Any CPU.ActiveCfg = Debug.GB|Any CPU
		{704333B0-A8AC-4BC1-AD0C-FF7DD224B39B}.Debug.NES|Any CPU.ActiveCfg = Debug.NES|Any CPU
		{704333B0-A8AC-4BC1-AD0C-FF7DD224B39B}.Debug.NES|Any CPU.Build.0 = Debug.NES|Any CPU
		{704333B0-A8AC-4BC1-AD0C-FF7DD224B39B}.Debug|Any CPU.ActiveCfg = Debug|Any CPU
		{704333B0-A8AC-4BC1-AD0C-FF7DD224B39B}.Debug|Any CPU.Build.0 = Debug|Any CPU
		{704333B0-A8AC-4BC1-AD0C-FF7DD224B39B}.Release.GB|Any CPU.ActiveCfg = Release|Any CPU
		{704333B0-A8AC-4BC1-AD0C-FF7DD224B39B}.Release.NES|Any CPU.ActiveCfg = Release|Any CPU
		{704333B0-A8AC-4BC1-AD0C-FF7DD224B39B}.Release.NES|Any CPU.Build.0 = Release|Any CPU
		{704333B0-A8AC-4BC1-AD0C-FF7DD224B39B}.Release|Any CPU.ActiveCfg = Release|Any CPU
		{704333B0-A8AC-4BC1-AD0C-FF7DD224B39B}.Release|Any CPU.Build.0 = Release|Any CPU
		{612D332C-26A0-4CBE-840D-E7B0D0C04CF7}.Debug.GB|Any CPU.ActiveCfg = Debug|Any CPU
		{612D332C-26A0-4CBE-840D-E7B0D0C04CF7}.Debug.GB|Any CPU.Build.0 = Debug|Any CPU
		{612D332C-26A0-4CBE-840D-E7B0D0C04CF7}.Debug.NES|Any CPU.ActiveCfg = Debug|Any CPU
		{612D332C-26A0-4CBE-840D-E7B0D0C04CF7}.Debug.NES|Any CPU.Build.0 = Debug|Any CPU
		{612D332C-26A0-4CBE-840D-E7B0D0C04CF7}.Debug|Any CPU.ActiveCfg = Debug|Any CPU
		{612D332C-26A0-4CBE-840D-E7B0D0C04CF7}.Debug|Any CPU.Build.0 = Debug|Any CPU
		{612D332C-26A0-4CBE-840D-E7B0D0C04CF7}.Release.GB|Any CPU.ActiveCfg = Release|Any CPU
		{612D332C-26A0-4CBE-840D-E7B0D0C04CF7}.Release.GB|Any CPU.Build.0 = Release|Any CPU
		{612D332C-26A0-4CBE-840D-E7B0D0C04CF7}.Release.NES|Any CPU.ActiveCfg = Release|Any CPU
		{612D332C-26A0-4CBE-840D-E7B0D0C04CF7}.Release.NES|Any CPU.Build.0 = Release|Any CPU
		{612D332C-26A0-4CBE-840D-E7B0D0C04CF7}.Release|Any CPU.ActiveCfg = Release|Any CPU
		{612D332C-26A0-4CBE-840D-E7B0D0C04CF7}.Release|Any CPU.Build.0 = Release|Any CPU
		{048ABD41-06A1-4697-B1C3-AC70DB255B85}.Debug.GB|Any CPU.ActiveCfg = Debug|Any CPU
		{048ABD41-06A1-4697-B1C3-AC70DB255B85}.Debug.GB|Any CPU.Build.0 = Debug|Any CPU
		{048ABD41-06A1-4697-B1C3-AC70DB255B85}.Debug.NES|Any CPU.ActiveCfg = Debug|Any CPU
		{048ABD41-06A1-4697-B1C3-AC70DB255B85}.Debug.NES|Any CPU.Build.0 = Debug|Any CPU
		{048ABD41-06A1-4697-B1C3-AC70DB255B85}.Debug|Any CPU.ActiveCfg = Debug|Any CPU
		{048ABD41-06A1-4697-B1C3-AC70DB255B85}.Debug|Any CPU.Build.0 = Debug|Any CPU
		{048ABD41-06A1-4697-B1C3-AC70DB255B85}.Release.GB|Any CPU.ActiveCfg = Release|Any CPU
		{048ABD41-06A1-4697-B1C3-AC70DB255B85}.Release.GB|Any CPU.Build.0 = Release|Any CPU
		{048ABD41-06A1-4697-B1C3-AC70DB255B85}.Release.NES|Any CPU.ActiveCfg = Release|Any CPU
		{048ABD41-06A1-4697-B1C3-AC70DB255B85}.Release.NES|Any CPU.Build.0 = Release|Any CPU
		{048ABD41-06A1-4697-B1C3-AC70DB255B85}.Release|Any CPU.ActiveCfg = Release|Any CPU
		{048ABD41-06A1-4697-B1C3-AC70DB255B85}.Release|Any CPU.Build.0 = Release|Any CPU
		{F0D31096-9CD1-4928-97B5-772157169441}.Debug.GB|Any CPU.ActiveCfg = Debug|Any CPU
		{F0D31096-9CD1-4928-97B5-772157169441}.Debug.GB|Any CPU.Build.0 = Debug|Any CPU
		{F0D31096-9CD1-4928-97B5-772157169441}.Debug.NES|Any CPU.ActiveCfg = Debug|Any CPU
		{F0D31096-9CD1-4928-97B5-772157169441}.Debug.NES|Any CPU.Build.0 = Debug|Any CPU
		{F0D31096-9CD1-4928-97B5-772157169441}.Debug|Any CPU.ActiveCfg = Debug|Any CPU
		{F0D31096-9CD1-4928-97B5-772157169441}.Debug|Any CPU.Build.0 = Debug|Any CPU
		{F0D31096-9CD1-4928-97B5-772157169441}.Release.GB|Any CPU.ActiveCfg = Release|Any CPU
		{F0D31096-9CD1-4928-97B5-772157169441}.Release.GB|Any CPU.Build.0 = Release|Any CPU
		{F0D31096-9CD1-4928-97B5-772157169441}.Release.NES|Any CPU.ActiveCfg = Release|Any CPU
		{F0D31096-9CD1-4928-97B5-772157169441}.Release.NES|Any CPU.Build.0 = Release|Any CPU
		{F0D31096-9CD1-4928-97B5-772157169441}.Release|Any CPU.ActiveCfg = Release|Any CPU
		{F0D31096-9CD1-4928-97B5-772157169441}.Release|Any CPU.Build.0 = Release|Any CPU
		{1ED1FD71-2401-42DA-8AEB-BD6A5BBF134E}.Debug.GB|Any CPU.ActiveCfg = Debug|Any CPU
		{1ED1FD71-2401-42DA-8AEB-BD6A5BBF134E}.Debug.GB|Any CPU.Build.0 = Debug|Any CPU
		{1ED1FD71-2401-42DA-8AEB-BD6A5BBF134E}.Debug.NES|Any CPU.ActiveCfg = Debug|Any CPU
		{1ED1FD71-2401-42DA-8AEB-BD6A5BBF134E}.Debug.NES|Any CPU.Build.0 = Debug|Any CPU
		{1ED1FD71-2401-42DA-8AEB-BD6A5BBF134E}.Debug|Any CPU.ActiveCfg = Debug|Any CPU
		{1ED1FD71-2401-42DA-8AEB-BD6A5BBF134E}.Debug|Any CPU.Build.0 = Debug|Any CPU
		{1ED1FD71-2401-42DA-8AEB-BD6A5BBF134E}.Release.GB|Any CPU.ActiveCfg = Release|Any CPU
		{1ED1FD71-2401-42DA-8AEB-BD6A5BBF134E}.Release.GB|Any CPU.Build.0 = Release|Any CPU
		{1ED1FD71-2401-42DA-8AEB-BD6A5BBF134E}.Release.NES|Any CPU.ActiveCfg = Release|Any CPU
		{1ED1FD71-2401-42DA-8AEB-BD6A5BBF134E}.Release.NES|Any CPU.Build.0 = Release|Any CPU
		{1ED1FD71-2401-42DA-8AEB-BD6A5BBF134E}.Release|Any CPU.ActiveCfg = Release|Any CPU
		{1ED1FD71-2401-42DA-8AEB-BD6A5BBF134E}.Release|Any CPU.Build.0 = Release|Any CPU
	EndGlobalSection
	GlobalSection(SolutionProperties) = preSolution
		HideSolutionNode = FALSE
	EndGlobalSection
	GlobalSection(NestedProjects) = preSolution
		{F23CA218-3A39-4D05-A11E-9EA20AA41AEB} = {65E71014-7DA0-4310-BE24-00A62F004C03}
		{30EC1B1F-1A42-4049-867C-B7E0CABDC3CF} = {65E71014-7DA0-4310-BE24-00A62F004C03}
		{BF026038-136B-471F-BB38-3BBD04A15801} = {65E71014-7DA0-4310-BE24-00A62F004C03}
		{65E71014-7DA0-4310-BE24-00A62F004C03} = {B8D24B5C-B0A7-48A7-B685-FF8D60D904DC}
		{B8D24B5C-B0A7-48A7-B685-FF8D60D904DC} = {DF7ABABA-8B45-4649-9BDC-A4A7EFE4E9BE}
		{08CDC115-C373-468D-985C-4CA2A7F3225C} = {B8D24B5C-B0A7-48A7-B685-FF8D60D904DC}
		{FFEF7F3F-3377-4BD3-B180-B42BBF56A5E2} = {B8D24B5C-B0A7-48A7-B685-FF8D60D904DC}
		{ACD42B23-A140-46B7-AFF7-D9BDE3F396AD} = {4494147A-D37B-4CCD-BF86-F561B7F01343}
		{E5648854-CE79-4AF2-82C1-8CC8FD62B6A4} = {4494147A-D37B-4CCD-BF86-F561B7F01343}
		{E9AB6302-1CB9-4763-957E-7334544AA09E} = {4494147A-D37B-4CCD-BF86-F561B7F01343}
		{D92BF2B2-C628-4B65-B11E-61A7F936EB3A} = {4494147A-D37B-4CCD-BF86-F561B7F01343}
		{A21AD100-97B1-49E6-B1BF-CAA6C77DAA02} = {4494147A-D37B-4CCD-BF86-F561B7F01343}
		{DCAD9CD9-1001-40C1-8783-99F86D3CB5FD} = {DF7ABABA-8B45-4649-9BDC-A4A7EFE4E9BE}
		{B3991A4E-1173-4C4A-A987-8E103E231B65} = {DF7ABABA-8B45-4649-9BDC-A4A7EFE4E9BE}
		{A708B2BA-F0C1-409F-808E-A75CA46BD2F7} = {DF7ABABA-8B45-4649-9BDC-A4A7EFE4E9BE}
		{04886798-C229-42F6-8FA2-C3C88F94B186} = {DF7ABABA-8B45-4649-9BDC-A4A7EFE4E9BE}
		{63872D77-7147-4BE1-8C63-726876B6DD9F} = {DF7ABABA-8B45-4649-9BDC-A4A7EFE4E9BE}
		{BC8C7744-E974-4432-8479-E7DCBC527752} = {04886798-C229-42F6-8FA2-C3C88F94B186}
		{D87A85F6-205D-4D8A-A6C7-1494F17BE3B2} = {DCAD9CD9-1001-40C1-8783-99F86D3CB5FD}
		{297202E6-9E5A-404F-9801-3A9389B3C1D8} = {227A41B0-8E96-4ACD-AFA8-CB5AD3DA72E7}
		{B9BD3D4A-0E2B-432D-BC5A-35BFFC946326} = {227A41B0-8E96-4ACD-AFA8-CB5AD3DA72E7}
		{E2176A2C-565B-4F33-9D02-5BC6D4770A29} = {227A41B0-8E96-4ACD-AFA8-CB5AD3DA72E7}
		{0E00A597-6917-4AA4-8E7D-8BE37B2DAEDF} = {227A41B0-8E96-4ACD-AFA8-CB5AD3DA72E7}
		{F3D71D6B-0115-497E-A542-8901C60B723E} = {04886798-C229-42F6-8FA2-C3C88F94B186}
		{9178A8DE-C88E-4099-81D6-D22349905C54} = {DF7ABABA-8B45-4649-9BDC-A4A7EFE4E9BE}
		{26800753-0D2C-4536-9501-9F7C7D5056F3} = {04886798-C229-42F6-8FA2-C3C88F94B186}
		{7861D26C-0F08-4835-8BD6-E8E2200819E0} = {04886798-C229-42F6-8FA2-C3C88F94B186}
		{F4A050BD-1F03-4CC0-80D9-EF916FD0C0E6} = {04886798-C229-42F6-8FA2-C3C88F94B186}
		{33F35860-FC9E-4DD1-9432-85A92B88FC0F} = {04886798-C229-42F6-8FA2-C3C88F94B186}
		{17C966A4-53C0-4160-B5F8-E36C372A1410} = {04886798-C229-42F6-8FA2-C3C88F94B186}
		{3F69CBB9-940E-4DA9-8ACF-3DC5B6E61DB2} = {04886798-C229-42F6-8FA2-C3C88F94B186}
		{469EA379-6802-4379-A3F5-B221C00EB3AE} = {04886798-C229-42F6-8FA2-C3C88F94B186}
		{5AC58932-9365-433D-8910-8888AEDF7FCD} = {04886798-C229-42F6-8FA2-C3C88F94B186}
		{ADD0AC26-08D0-40A0-9214-2DE5C9DCE78D} = {04886798-C229-42F6-8FA2-C3C88F94B186}
		{EE81DA26-2E1A-4E37-BD57-537C8D0E2E41} = {63872D77-7147-4BE1-8C63-726876B6DD9F}
		{B40019AC-1B03-4509-B978-221B59ECBB5C} = {EE81DA26-2E1A-4E37-BD57-537C8D0E2E41}
		{951FFD63-8D2F-4F8A-B282-806E50A48090} = {EE81DA26-2E1A-4E37-BD57-537C8D0E2E41}
		{03CB8362-BD6B-439E-9FE2-90E1FD0235CB} = {EE81DA26-2E1A-4E37-BD57-537C8D0E2E41}
		{9771FE52-0672-4D2A-AB43-53B9DCDF8F0A} = {EE81DA26-2E1A-4E37-BD57-537C8D0E2E41}
		{66347CAE-2A80-4C90-8174-BBFB59695675} = {EE81DA26-2E1A-4E37-BD57-537C8D0E2E41}
		{8829D752-5810-4218-A1B3-F8743C922506} = {EE81DA26-2E1A-4E37-BD57-537C8D0E2E41}
		{2CE2DA4D-AEEB-4CC5-AA07-602D36DA9238} = {EE81DA26-2E1A-4E37-BD57-537C8D0E2E41}
		{1BD6B4FA-A431-4CCE-87A8-6FD6B88AC632} = {EE81DA26-2E1A-4E37-BD57-537C8D0E2E41}
		{620CF00A-C25E-4F1D-B5BD-06B0C06C5838} = {EE81DA26-2E1A-4E37-BD57-537C8D0E2E41}
		{65273F3A-31FF-4B0B-9394-EAD9B20D01C0} = {EE81DA26-2E1A-4E37-BD57-537C8D0E2E41}
		{CAF8FF93-B14E-4929-9AA0-FF2CAA7AA22F} = {63872D77-7147-4BE1-8C63-726876B6DD9F}
		{1D95C552-BEA5-4931-A38B-FB0E7B4D0D90} = {4EB61F7A-8F1D-42D3-A02C-BC0697FB48ED}
		{2923792F-CC31-4374-8EEE-1BED1469645F} = {70B8B3F4-8062-451B-BF53-54A21D6C7151}
		{4EB61F7A-8F1D-42D3-A02C-BC0697FB48ED} = {CAF8FF93-B14E-4929-9AA0-FF2CAA7AA22F}
		{70B8B3F4-8062-451B-BF53-54A21D6C7151} = {CAF8FF93-B14E-4929-9AA0-FF2CAA7AA22F}
		{7678E01B-530B-4B64-A8C3-DE61F8CA6A86} = {4EB61F7A-8F1D-42D3-A02C-BC0697FB48ED}
		{68AC6799-DFE9-4D31-85CC-27E85271EAC3} = {4EB61F7A-8F1D-42D3-A02C-BC0697FB48ED}
		{4A0F8AA4-2DC0-44F0-9271-255960609469} = {4EB61F7A-8F1D-42D3-A02C-BC0697FB48ED}
		{15D6AA47-4DD6-4243-98A5-3546A08E7A5A} = {4EB61F7A-8F1D-42D3-A02C-BC0697FB48ED}
		{4A9BD4FF-C793-445E-B9BD-CF2D35CC0CB3} = {4EB61F7A-8F1D-42D3-A02C-BC0697FB48ED}
		{4A92C96C-8934-4154-A7BC-F67E49EEAE6E} = {4EB61F7A-8F1D-42D3-A02C-BC0697FB48ED}
		{5F201DA3-544A-4309-AB61-28B0EBE743BA} = {4EB61F7A-8F1D-42D3-A02C-BC0697FB48ED}
		{C5D82C88-4B60-4CE5-8943-2AAF6E1EF450} = {4EB61F7A-8F1D-42D3-A02C-BC0697FB48ED}
		{8F809073-04DD-4CAD-85E7-14730EDF88D7} = {4EB61F7A-8F1D-42D3-A02C-BC0697FB48ED}
		{9F67F1AB-CACF-4266-BEF2-010012E6F5CD} = {CAF8FF93-B14E-4929-9AA0-FF2CAA7AA22F}
		{9847BF7C-9ABB-408A-A136-A6A30ACC9B58} = {9F67F1AB-CACF-4266-BEF2-010012E6F5CD}
		{FE8D54F9-6E45-4F92-8F6C-E14CD4A5C8CD} = {9F67F1AB-CACF-4266-BEF2-010012E6F5CD}
		{8514B51E-C671-48CF-A33C-4C535B0163A5} = {9F67F1AB-CACF-4266-BEF2-010012E6F5CD}
		{297FE6D8-9E79-4676-AA30-AB554CB0E70A} = {9F67F1AB-CACF-4266-BEF2-010012E6F5CD}
		{C570CA28-5220-4B0B-A76C-A1124172E73C} = {9F67F1AB-CACF-4266-BEF2-010012E6F5CD}
		{523C9D56-9D41-4273-B84C-76E99463D41C} = {9F67F1AB-CACF-4266-BEF2-010012E6F5CD}
		{33AD9347-69D9-4228-99BA-300CDD6746C3} = {8514B51E-C671-48CF-A33C-4C535B0163A5}
		{DEBBFB35-578D-458E-8324-8D3C6E8D7FEC} = {9178A8DE-C88E-4099-81D6-D22349905C54}
		{98002DC9-18E1-4952-B9D6-AABD05D80BD0} = {9178A8DE-C88E-4099-81D6-D22349905C54}
		{78BB17E1-4156-4839-BC49-0B56EE485958} = {9178A8DE-C88E-4099-81D6-D22349905C54}
		{BE3A1D2A-433F-4D29-B1C8-A5BF3277197E} = {9178A8DE-C88E-4099-81D6-D22349905C54}
		{36D232C1-194C-454B-B550-64E42294E004} = {9178A8DE-C88E-4099-81D6-D22349905C54}
		{7E9C0AC2-7789-4DDD-8909-5F914036C8BB} = {9178A8DE-C88E-4099-81D6-D22349905C54}
		{BED0C593-F71F-4AFD-8CB0-EA4F72E5D8C5} = {9178A8DE-C88E-4099-81D6-D22349905C54}
		{A29259F0-87A6-4177-968F-996C2C293C79} = {9178A8DE-C88E-4099-81D6-D22349905C54}
		{C6B8727B-31CC-456F-9342-9E3B9492169C} = {78BB17E1-4156-4839-BC49-0B56EE485958}
		{67C359E6-9ABF-4FEA-8D73-1BAFC0DC8152} = {BE3A1D2A-433F-4D29-B1C8-A5BF3277197E}
		{88FE591E-A015-4510-BAFB-933E94346523} = {BE3A1D2A-433F-4D29-B1C8-A5BF3277197E}
		{3900BD11-8461-45F9-B8DD-41936728A3E2} = {BE3A1D2A-433F-4D29-B1C8-A5BF3277197E}
		{0FE439CF-5158-4E0C-A27A-C9EC12D511CA} = {36D232C1-194C-454B-B550-64E42294E004}
		{BA2C4577-5CCB-4D46-BD14-F5EF96BCF6E4} = {DEBBFB35-578D-458E-8324-8D3C6E8D7FEC}
		{2C7C4DCB-EC47-456A-938E-CE4D63FF4E6A} = {DEBBFB35-578D-458E-8324-8D3C6E8D7FEC}
		{09B6F796-DC88-4EFD-A6E0-F31EB6313936} = {DEBBFB35-578D-458E-8324-8D3C6E8D7FEC}
		{BF12B100-4E33-42E4-B0CE-2EB2442ED415} = {98002DC9-18E1-4952-B9D6-AABD05D80BD0}
		{42F739AA-8026-4CE7-9177-71A0649F09B7} = {98002DC9-18E1-4952-B9D6-AABD05D80BD0}
		{F761F267-6111-479B-84B9-434E54E4DD78} = {DEBBFB35-578D-458E-8324-8D3C6E8D7FEC}
		{39FD4053-14BA-425D-B689-EB6A200B3327} = {DEBBFB35-578D-458E-8324-8D3C6E8D7FEC}
		{25F89047-453E-4E4D-9700-2F972924445F} = {DEBBFB35-578D-458E-8324-8D3C6E8D7FEC}
		{42DB5CF3-471C-4E75-A268-4E616CD368F8} = {DEBBFB35-578D-458E-8324-8D3C6E8D7FEC}
		{6E4A1394-01E6-41F0-BFB6-0B30B4BFFDA7} = {DEBBFB35-578D-458E-8324-8D3C6E8D7FEC}
		{E269FB7F-2353-4565-BAE1-220820ED86D9} = {08CDC115-C373-468D-985C-4CA2A7F3225C}
		{824C0DDD-870F-4E61-9A70-F87F7A597801} = {08CDC115-C373-468D-985C-4CA2A7F3225C}
		{704333B0-A8AC-4BC1-AD0C-FF7DD224B39B} = {08CDC115-C373-468D-985C-4CA2A7F3225C}
		{612D332C-26A0-4CBE-840D-E7B0D0C04CF7} = {6B8EE428-88B2-4971-8D50-B2C075D4F391}
		{E9034BCE-327A-4CC2-897B-1A1B21C55193} = {DF7ABABA-8B45-4649-9BDC-A4A7EFE4E9BE}
		{6B8EE428-88B2-4971-8D50-B2C075D4F391} = {E9034BCE-327A-4CC2-897B-1A1B21C55193}
		{F20A55A4-BF51-45EB-94BE-106D49BA3F13} = {E9034BCE-327A-4CC2-897B-1A1B21C55193}
		{17594822-D03C-4E4C-B064-70912317F4B7} = {60D332A9-1B25-4B60-9530-5E57095A7E5F}
		{8368F79C-A2EA-4625-A776-FA92C0657041} = {60D332A9-1B25-4B60-9530-5E57095A7E5F}
		{60D332A9-1B25-4B60-9530-5E57095A7E5F} = {E9034BCE-327A-4CC2-897B-1A1B21C55193}
		{A7108A3D-4BBF-4105-BA0E-7156E8DB4951} = {60D332A9-1B25-4B60-9530-5E57095A7E5F}
		{B362BCEE-A3F0-46AF-AD57-B69460D2B27D} = {60D332A9-1B25-4B60-9530-5E57095A7E5F}
		{4494147A-D37B-4CCD-BF86-F561B7F01343} = {B8D24B5C-B0A7-48A7-B685-FF8D60D904DC}
		{227A41B0-8E96-4ACD-AFA8-CB5AD3DA72E7} = {DCAD9CD9-1001-40C1-8783-99F86D3CB5FD}
		{048ABD41-06A1-4697-B1C3-AC70DB255B85} = {6B8EE428-88B2-4971-8D50-B2C075D4F391}
		{F0D31096-9CD1-4928-97B5-772157169441} = {6B8EE428-88B2-4971-8D50-B2C075D4F391}
		{1ED1FD71-2401-42DA-8AEB-BD6A5BBF134E} = {6B8EE428-88B2-4971-8D50-B2C075D4F391}
	EndGlobalSection
	GlobalSection(ExtensibilityGlobals) = postSolution
		SolutionGuid = {7AA2F969-20C6-442A-A481-F5BC651685FD}
	EndGlobalSection
EndGlobal
